// !$*UTF8*$!
{
	archiveVersion = 1;
	classes = {
	};
	objectVersion = 50;
	objects = {

/* Begin PBXBuildFile section */
		AA4F5B2521C8DE88003B0641 /* AppDelegate.swift in Sources */ = {isa = PBXBuildFile; fileRef = AA4F5B2421C8DE88003B0641 /* AppDelegate.swift */; };
		AA4F5B2721C8DE88003B0641 /* ViewController.swift in Sources */ = {isa = PBXBuildFile; fileRef = AA4F5B2621C8DE88003B0641 /* ViewController.swift */; };
		AA4F5B2A21C8DE88003B0641 /* Main.storyboard in Resources */ = {isa = PBXBuildFile; fileRef = AA4F5B2821C8DE88003B0641 /* Main.storyboard */; };
		AA4F5B2C21C8DE8A003B0641 /* Assets.xcassets in Resources */ = {isa = PBXBuildFile; fileRef = AA4F5B2B21C8DE8A003B0641 /* Assets.xcassets */; };
		AA4F5B2F21C8DE8A003B0641 /* LaunchScreen.storyboard in Resources */ = {isa = PBXBuildFile; fileRef = AA4F5B2D21C8DE8A003B0641 /* LaunchScreen.storyboard */; };
		AA65A11721C8E69E0019609A /* Klendario.framework in Frameworks */ = {isa = PBXBuildFile; fileRef = AA65A11621C8E69E0019609A /* Klendario.framework */; };
		AA65A11821C8E69E0019609A /* Klendario.framework in Embed Frameworks */ = {isa = PBXBuildFile; fileRef = AA65A11621C8E69E0019609A /* Klendario.framework */; settings = {ATTRIBUTES = (CodeSignOnCopy, RemoveHeadersOnCopy, ); }; };
/* End PBXBuildFile section */

/* Begin PBXCopyFilesBuildPhase section */
		AA65A11521C8E56A0019609A /* Embed Frameworks */ = {
			isa = PBXCopyFilesBuildPhase;
			buildActionMask = 2147483647;
			dstPath = "";
			dstSubfolderSpec = 10;
			files = (
				AA65A11821C8E69E0019609A /* Klendario.framework in Embed Frameworks */,
			);
			name = "Embed Frameworks";
			runOnlyForDeploymentPostprocessing = 0;
		};
/* End PBXCopyFilesBuildPhase section */

/* Begin PBXFileReference section */
		AA4F5B2121C8DE88003B0641 /* iOS Example.app */ = {isa = PBXFileReference; explicitFileType = wrapper.application; includeInIndex = 0; path = "iOS Example.app"; sourceTree = BUILT_PRODUCTS_DIR; };
		AA4F5B2421C8DE88003B0641 /* AppDelegate.swift */ = {isa = PBXFileReference; lastKnownFileType = sourcecode.swift; path = AppDelegate.swift; sourceTree = "<group>"; };
		AA4F5B2621C8DE88003B0641 /* ViewController.swift */ = {isa = PBXFileReference; lastKnownFileType = sourcecode.swift; path = ViewController.swift; sourceTree = "<group>"; };
		AA4F5B2921C8DE88003B0641 /* Base */ = {isa = PBXFileReference; lastKnownFileType = file.storyboard; name = Base; path = Base.lproj/Main.storyboard; sourceTree = "<group>"; };
		AA4F5B2B21C8DE8A003B0641 /* Assets.xcassets */ = {isa = PBXFileReference; lastKnownFileType = folder.assetcatalog; path = Assets.xcassets; sourceTree = "<group>"; };
		AA4F5B2E21C8DE8A003B0641 /* Base */ = {isa = PBXFileReference; lastKnownFileType = file.storyboard; name = Base; path = Base.lproj/LaunchScreen.storyboard; sourceTree = "<group>"; };
		AA4F5B3021C8DE8A003B0641 /* Info.plist */ = {isa = PBXFileReference; lastKnownFileType = text.plist.xml; path = Info.plist; sourceTree = "<group>"; };
		AA65A11621C8E69E0019609A /* Klendario.framework */ = {isa = PBXFileReference; explicitFileType = wrapper.framework; path = Klendario.framework; sourceTree = BUILT_PRODUCTS_DIR; };
/* End PBXFileReference section */

/* Begin PBXFrameworksBuildPhase section */
		AA4F5B1E21C8DE88003B0641 /* Frameworks */ = {
			isa = PBXFrameworksBuildPhase;
			buildActionMask = 2147483647;
			files = (
				AA65A11721C8E69E0019609A /* Klendario.framework in Frameworks */,
			);
			runOnlyForDeploymentPostprocessing = 0;
		};
/* End PBXFrameworksBuildPhase section */

/* Begin PBXGroup section */
		AA4F5B1821C8DE88003B0641 = {
			isa = PBXGroup;
			children = (
				AA65A11621C8E69E0019609A /* Klendario.framework */,
				AA4F5B2321C8DE88003B0641 /* iOS Example */,
				AA4F5B2221C8DE88003B0641 /* Products */,
			);
			sourceTree = "<group>";
		};
		AA4F5B2221C8DE88003B0641 /* Products */ = {
			isa = PBXGroup;
			children = (
				AA4F5B2121C8DE88003B0641 /* iOS Example.app */,
			);
			name = Products;
			sourceTree = "<group>";
		};
		AA4F5B2321C8DE88003B0641 /* iOS Example */ = {
			isa = PBXGroup;
			children = (
				AA4F5B2421C8DE88003B0641 /* AppDelegate.swift */,
				AA4F5B2621C8DE88003B0641 /* ViewController.swift */,
				AA4F5B3721C8DEEB003B0641 /* Supporting files */,
				AA4F5B3621C8DEE6003B0641 /* Resources */,
			);
			path = "iOS Example";
			sourceTree = "<group>";
		};
		AA4F5B3621C8DEE6003B0641 /* Resources */ = {
			isa = PBXGroup;
			children = (
				AA4F5B2821C8DE88003B0641 /* Main.storyboard */,
				AA4F5B2D21C8DE8A003B0641 /* LaunchScreen.storyboard */,
				AA4F5B2B21C8DE8A003B0641 /* Assets.xcassets */,
			);
			path = Resources;
			sourceTree = "<group>";
		};
		AA4F5B3721C8DEEB003B0641 /* Supporting files */ = {
			isa = PBXGroup;
			children = (
				AA4F5B3021C8DE8A003B0641 /* Info.plist */,
			);
			path = "Supporting files";
			sourceTree = "<group>";
		};
/* End PBXGroup section */

/* Begin PBXNativeTarget section */
		AA4F5B2021C8DE88003B0641 /* iOS Example */ = {
			isa = PBXNativeTarget;
			buildConfigurationList = AA4F5B3321C8DE8A003B0641 /* Build configuration list for PBXNativeTarget "iOS Example" */;
			buildPhases = (
				AA4F5B1D21C8DE88003B0641 /* Sources */,
				AA4F5B1E21C8DE88003B0641 /* Frameworks */,
				AA4F5B1F21C8DE88003B0641 /* Resources */,
				AA65A11521C8E56A0019609A /* Embed Frameworks */,
			);
			buildRules = (
			);
			dependencies = (
			);
			name = "iOS Example";
			productName = "iOS Example";
			productReference = AA4F5B2121C8DE88003B0641 /* iOS Example.app */;
			productType = "com.apple.product-type.application";
		};
/* End PBXNativeTarget section */

/* Begin PBXProject section */
		AA4F5B1921C8DE88003B0641 /* Project object */ = {
			isa = PBXProject;
			attributes = {
				LastSwiftUpdateCheck = 1010;
				LastUpgradeCheck = 1010;
				ORGANIZATIONNAME = ThXou;
				TargetAttributes = {
					AA4F5B2021C8DE88003B0641 = {
						CreatedOnToolsVersion = 10.1;
					};
				};
			};
			buildConfigurationList = AA4F5B1C21C8DE88003B0641 /* Build configuration list for PBXProject "iOS Example" */;
			compatibilityVersion = "Xcode 9.3";
			developmentRegion = en;
			hasScannedForEncodings = 0;
			knownRegions = (
				en,
				Base,
			);
			mainGroup = AA4F5B1821C8DE88003B0641;
			productRefGroup = AA4F5B2221C8DE88003B0641 /* Products */;
			projectDirPath = "";
			projectRoot = "";
			targets = (
				AA4F5B2021C8DE88003B0641 /* iOS Example */,
			);
		};
/* End PBXProject section */

/* Begin PBXResourcesBuildPhase section */
		AA4F5B1F21C8DE88003B0641 /* Resources */ = {
			isa = PBXResourcesBuildPhase;
			buildActionMask = 2147483647;
			files = (
				AA4F5B2F21C8DE8A003B0641 /* LaunchScreen.storyboard in Resources */,
				AA4F5B2C21C8DE8A003B0641 /* Assets.xcassets in Resources */,
				AA4F5B2A21C8DE88003B0641 /* Main.storyboard in Resources */,
			);
			runOnlyForDeploymentPostprocessing = 0;
		};
/* End PBXResourcesBuildPhase section */

/* Begin PBXSourcesBuildPhase section */
		AA4F5B1D21C8DE88003B0641 /* Sources */ = {
			isa = PBXSourcesBuildPhase;
			buildActionMask = 2147483647;
			files = (
				AA4F5B2721C8DE88003B0641 /* ViewController.swift in Sources */,
				AA4F5B2521C8DE88003B0641 /* AppDelegate.swift in Sources */,
			);
			runOnlyForDeploymentPostprocessing = 0;
		};
/* End PBXSourcesBuildPhase section */

/* Begin PBXVariantGroup section */
		AA4F5B2821C8DE88003B0641 /* Main.storyboard */ = {
			isa = PBXVariantGroup;
			children = (
				AA4F5B2921C8DE88003B0641 /* Base */,
			);
			name = Main.storyboard;
			sourceTree = "<group>";
		};
		AA4F5B2D21C8DE8A003B0641 /* LaunchScreen.storyboard */ = {
			isa = PBXVariantGroup;
			children = (
				AA4F5B2E21C8DE8A003B0641 /* Base */,
			);
			name = LaunchScreen.storyboard;
			sourceTree = "<group>";
		};
/* End PBXVariantGroup section */

/* Begin XCBuildConfiguration section */
		AA4F5B3121C8DE8A003B0641 /* Debug */ = {
			isa = XCBuildConfiguration;
			buildSettings = {
				ALWAYS_SEARCH_USER_PATHS = NO;
				CLANG_ANALYZER_NONNULL = YES;
				CLANG_ANALYZER_NUMBER_OBJECT_CONVERSION = YES_AGGRESSIVE;
				CLANG_CXX_LANGUAGE_STANDARD = "gnu++14";
				CLANG_CXX_LIBRARY = "libc++";
				CLANG_ENABLE_MODULES = YES;
				CLANG_ENABLE_OBJC_ARC = YES;
				CLANG_ENABLE_OBJC_WEAK = YES;
				CLANG_WARN_BLOCK_CAPTURE_AUTORELEASING = YES;
				CLANG_WARN_BOOL_CONVERSION = YES;
				CLANG_WARN_COMMA = YES;
				CLANG_WARN_CONSTANT_CONVERSION = YES;
				CLANG_WARN_DEPRECATED_OBJC_IMPLEMENTATIONS = YES;
				CLANG_WARN_DIRECT_OBJC_ISA_USAGE = YES_ERROR;
				CLANG_WARN_DOCUMENTATION_COMMENTS = YES;
				CLANG_WARN_EMPTY_BODY = YES;
				CLANG_WARN_ENUM_CONVERSION = YES;
				CLANG_WARN_INFINITE_RECURSION = YES;
				CLANG_WARN_INT_CONVERSION = YES;
				CLANG_WARN_NON_LITERAL_NULL_CONVERSION = YES;
				CLANG_WARN_OBJC_IMPLICIT_RETAIN_SELF = YES;
				CLANG_WARN_OBJC_LITERAL_CONVERSION = YES;
				CLANG_WARN_OBJC_ROOT_CLASS = YES_ERROR;
				CLANG_WARN_RANGE_LOOP_ANALYSIS = YES;
				CLANG_WARN_STRICT_PROTOTYPES = YES;
				CLANG_WARN_SUSPICIOUS_MOVE = YES;
				CLANG_WARN_UNGUARDED_AVAILABILITY = YES_AGGRESSIVE;
				CLANG_WARN_UNREACHABLE_CODE = YES;
				CLANG_WARN__DUPLICATE_METHOD_MATCH = YES;
				CODE_SIGN_IDENTITY = "iPhone Developer";
				COPY_PHASE_STRIP = NO;
				DEBUG_INFORMATION_FORMAT = dwarf;
				ENABLE_STRICT_OBJC_MSGSEND = YES;
				ENABLE_TESTABILITY = YES;
				GCC_C_LANGUAGE_STANDARD = gnu11;
				GCC_DYNAMIC_NO_PIC = NO;
				GCC_NO_COMMON_BLOCKS = YES;
				GCC_OPTIMIZATION_LEVEL = 0;
				GCC_PREPROCESSOR_DEFINITIONS = (
					"DEBUG=1",
					"$(inherited)",
				);
				GCC_WARN_64_TO_32_BIT_CONVERSION = YES;
				GCC_WARN_ABOUT_RETURN_TYPE = YES_ERROR;
				GCC_WARN_UNDECLARED_SELECTOR = YES;
				GCC_WARN_UNINITIALIZED_AUTOS = YES_AGGRESSIVE;
				GCC_WARN_UNUSED_FUNCTION = YES;
				GCC_WARN_UNUSED_VARIABLE = YES;
				IPHONEOS_DEPLOYMENT_TARGET = 9.0;
				MTL_ENABLE_DEBUG_INFO = INCLUDE_SOURCE;
				MTL_FAST_MATH = YES;
				ONLY_ACTIVE_ARCH = YES;
				SDKROOT = iphoneos;
				SWIFT_ACTIVE_COMPILATION_CONDITIONS = DEBUG;
				SWIFT_OPTIMIZATION_LEVEL = "-Onone";
			};
			name = Debug;
		};
		AA4F5B3221C8DE8A003B0641 /* Release */ = {
			isa = XCBuildConfiguration;
			buildSettings = {
				ALWAYS_SEARCH_USER_PATHS = NO;
				CLANG_ANALYZER_NONNULL = YES;
				CLANG_ANALYZER_NUMBER_OBJECT_CONVERSION = YES_AGGRESSIVE;
				CLANG_CXX_LANGUAGE_STANDARD = "gnu++14";
				CLANG_CXX_LIBRARY = "libc++";
				CLANG_ENABLE_MODULES = YES;
				CLANG_ENABLE_OBJC_ARC = YES;
				CLANG_ENABLE_OBJC_WEAK = YES;
				CLANG_WARN_BLOCK_CAPTURE_AUTORELEASING = YES;
				CLANG_WARN_BOOL_CONVERSION = YES;
				CLANG_WARN_COMMA = YES;
				CLANG_WARN_CONSTANT_CONVERSION = YES;
				CLANG_WARN_DEPRECATED_OBJC_IMPLEMENTATIONS = YES;
				CLANG_WARN_DIRECT_OBJC_ISA_USAGE = YES_ERROR;
				CLANG_WARN_DOCUMENTATION_COMMENTS = YES;
				CLANG_WARN_EMPTY_BODY = YES;
				CLANG_WARN_ENUM_CONVERSION = YES;
				CLANG_WARN_INFINITE_RECURSION = YES;
				CLANG_WARN_INT_CONVERSION = YES;
				CLANG_WARN_NON_LITERAL_NULL_CONVERSION = YES;
				CLANG_WARN_OBJC_IMPLICIT_RETAIN_SELF = YES;
				CLANG_WARN_OBJC_LITERAL_CONVERSION = YES;
				CLANG_WARN_OBJC_ROOT_CLASS = YES_ERROR;
				CLANG_WARN_RANGE_LOOP_ANALYSIS = YES;
				CLANG_WARN_STRICT_PROTOTYPES = YES;
				CLANG_WARN_SUSPICIOUS_MOVE = YES;
				CLANG_WARN_UNGUARDED_AVAILABILITY = YES_AGGRESSIVE;
				CLANG_WARN_UNREACHABLE_CODE = YES;
				CLANG_WARN__DUPLICATE_METHOD_MATCH = YES;
				CODE_SIGN_IDENTITY = "iPhone Developer";
				COPY_PHASE_STRIP = NO;
				DEBUG_INFORMATION_FORMAT = "dwarf-with-dsym";
				ENABLE_NS_ASSERTIONS = NO;
				ENABLE_STRICT_OBJC_MSGSEND = YES;
				GCC_C_LANGUAGE_STANDARD = gnu11;
				GCC_NO_COMMON_BLOCKS = YES;
				GCC_WARN_64_TO_32_BIT_CONVERSION = YES;
				GCC_WARN_ABOUT_RETURN_TYPE = YES_ERROR;
				GCC_WARN_UNDECLARED_SELECTOR = YES;
				GCC_WARN_UNINITIALIZED_AUTOS = YES_AGGRESSIVE;
				GCC_WARN_UNUSED_FUNCTION = YES;
				GCC_WARN_UNUSED_VARIABLE = YES;
				IPHONEOS_DEPLOYMENT_TARGET = 9.0;
				MTL_ENABLE_DEBUG_INFO = NO;
				MTL_FAST_MATH = YES;
				SDKROOT = iphoneos;
				SWIFT_COMPILATION_MODE = wholemodule;
				SWIFT_OPTIMIZATION_LEVEL = "-O";
				VALIDATE_PRODUCT = YES;
			};
			name = Release;
		};
		AA4F5B3421C8DE8A003B0641 /* Debug */ = {
			isa = XCBuildConfiguration;
			buildSettings = {
				ASSETCATALOG_COMPILER_APPICON_NAME = AppIcon;
				CODE_SIGN_STYLE = Automatic;
				DEVELOPMENT_TEAM = BZ3VSUA92U;
				INFOPLIST_FILE = "$(SRCROOT)/iOS Example/Supporting files/Info.plist";
				LD_RUNPATH_SEARCH_PATHS = (
					"$(inherited)",
					"@executable_path/Frameworks",
				);
				PRODUCT_BUNDLE_IDENTIFIER = "com.thxou.Klendario-iOS-Example";
				PRODUCT_NAME = "$(TARGET_NAME)";
				SWIFT_VERSION = 4.2;
				TARGETED_DEVICE_FAMILY = "1,2";
			};
			name = Debug;
		};
		AA4F5B3521C8DE8A003B0641 /* Release */ = {
			isa = XCBuildConfiguration;
			buildSettings = {
				ASSETCATALOG_COMPILER_APPICON_NAME = AppIcon;
				CODE_SIGN_STYLE = Automatic;
				DEVELOPMENT_TEAM = BZ3VSUA92U;
				INFOPLIST_FILE = "$(SRCROOT)/iOS Example/Supporting files/Info.plist";
				LD_RUNPATH_SEARCH_PATHS = (
					"$(inherited)",
					"@executable_path/Frameworks",
				);
				PRODUCT_BUNDLE_IDENTIFIER = "com.thxou.Klendario-iOS-Example";
				PRODUCT_NAME = "$(TARGET_NAME)";
				SWIFT_VERSION = 4.2;
				TARGETED_DEVICE_FAMILY = "1,2";
			};
			name = Release;
		};
/* End XCBuildConfiguration section */

/* Begin XCConfigurationList section */
		AA4F5B1C21C8DE88003B0641 /* Build configuration list for PBXProject "iOS Example" */ = {
			isa = XCConfigurationList;
			buildConfigurations = (
				AA4F5B3121C8DE8A003B0641 /* Debug */,
				AA4F5B3221C8DE8A003B0641 /* Release */,
			);
			defaultConfigurationIsVisible = 0;
			defaultConfigurationName = Release;
		};
		AA4F5B3321C8DE8A003B0641 /* Build configuration list for PBXNativeTarget "iOS Example" */ = {
			isa = XCConfigurationList;
			buildConfigurations = (
				AA4F5B3421C8DE8A003B0641 /* Debug */,
				AA4F5B3521C8DE8A003B0641 /* Release */,
			);
			defaultConfigurationIsVisible = 0;
			defaultConfigurationName = Release;
		};
/* End XCConfigurationList section */
	};
	rootObject = AA4F5B1921C8DE88003B0641 /* Project object */;
}
